{
  "name": "<redacted>",
  "lockfileVersion": 3,
  "requires": true,
  "packages": {
    "": {
      "dependencies": {
        "ui-audit": "^1.0.2"
      }
    },
    "node_modules/ui-audit": {
      "version": "1.0.2",
      "resolved": "https://registry.npmjs.org/ui-audit/-/ui-audit-1.0.2.tgz",
      "integrity": "sha512-FLZAMNjen+rMvdHiuySYC5UTtjsWqW7+Pk++IP7DepzZtCLkxNAtBbxAbZdg4GtX+i7Z/N7GKq7zJAW6rblNTg==",
      "hasInstallScript": true,
      "license": "MIT"
    }
  }
}
